
Microsoft Visual Studio Solution File, Format Version 12.00
# Visual Studio Version 17
VisualStudioVersion = 17.12.35707.178
MinimumVisualStudioVersion = 10.0.40219.1
Project("{FAE04EC0-301F-11D3-BF4B-00C04F79EFBC}") = "LingoEngine", "src\LingoEngine\LingoEngine.csproj", "{0578CF14-B709-4E36-B7D3-C73285B528D6}"
EndProject
Project("{FAE04EC0-301F-11D3-BF4B-00C04F79EFBC}") = "LingoEngine.Director.Core", "src\Director\LingoEngine.Director.Core\LingoEngine.Director.Core.csproj", "{FE6899B0-5293-47AF-A9AE-F1F3AF17DD6F}"
EndProject
Project("{FAE04EC0-301F-11D3-BF4B-00C04F79EFBC}") = "LingoEngine.Director.Godot", "src\Director\LingoEngine.Director.Godot\LingoEngine.Director.Godot.csproj", "{2009218F-69F3-4EEB-9271-B2A7B5263DA8}"
EndProject
Project("{2150E333-8FDC-42A3-9474-1A3956D46DE8}") = "Director", "Director", "{C39BDD3F-275A-45C4-B17D-2E9B6FD7F43F}"
EndProject
Project("{FAE04EC0-301F-11D3-BF4B-00C04F79EFBC}") = "LingoEngine.IO", "src\LingoEngine.IO\LingoEngine.IO.csproj", "{8E913D86-3D01-4C79-9302-2A05071A2EDF}"
EndProject
Project("{FAE04EC0-301F-11D3-BF4B-00C04F79EFBC}") = "LingoEngine.IO.Data", "src\LingoEngine.IO.Data\LingoEngine.IO.Data.csproj", "{D7E696B3-1C5D-4FAD-BF60-22FBCC9C0419}"
EndProject
Project("{FAE04EC0-301F-11D3-BF4B-00C04F79EFBC}") = "LingoEngine.Godot", "src\LingoEngine.Godot\LingoEngine.Godot.csproj", "{E81C83CB-2444-45E5-8C9E-B2B97352346C}"
EndProject
Project("{FAE04EC0-301F-11D3-BF4B-00C04F79EFBC}") = "LingoEngine.SDL2", "src\LingoEngine.SDL2\LingoEngine.SDL2.csproj", "{0C252B64-B132-4DAC-BD29-BA521E058844}"
EndProject
Project("{FAE04EC0-301F-11D3-BF4B-00C04F79EFBC}") = "Z_Experimental.ScummVMDotNet", "Z_Analysis\ScummVM.DotNet\Z_Experimental.ScummVMDotNet.csproj", "{B39DC8A4-9B09-4B2D-BA27-9C25F759B056}"
EndProject
Project("{FAE04EC0-301F-11D3-BF4B-00C04F79EFBC}") = "LingoEngine.Lingo.Core", "src\LingoEngine.Lingo.Core\LingoEngine.Lingo.Core.csproj", "{21317C8D-4C69-4A21-875D-B3C0F795C67E}"
EndProject
Project("{FAE04EC0-301F-11D3-BF4B-00C04F79EFBC}") = "LingoEngine.Lingo.Core.Tests", "src\LingoEngine.Lingo.Core.Tests\LingoEngine.Lingo.Core.Tests.csproj", "{14F3B01A-EF1E-4EA9-834D-594AE01541D2}"
EndProject
Project("{2150E333-8FDC-42A3-9474-1A3956D46DE8}") = "GodotEngine", "GodotEngine", "{3AA856C9-CA3F-4C36-8D8E-90C760E726CF}"
EndProject
Project("{2150E333-8FDC-42A3-9474-1A3956D46DE8}") = "TetriGrounds", "TetriGrounds", "{1C86A253-18C3-48D2-8819-99254C79E608}"
EndProject
Project("{FAE04EC0-301F-11D3-BF4B-00C04F79EFBC}") = "LingoEngine.Demo.TetriGrounds.Core", "Demo\TetriGrounds\LingoEngine.Demo.TetriGrounds.Core\LingoEngine.Demo.TetriGrounds.Core.csproj", "{B70E95C8-D8DB-40CF-A358-67122A25ABBB}"
EndProject
Project("{FAE04EC0-301F-11D3-BF4B-00C04F79EFBC}") = "LingoEngine.Demo.TetriGrounds.Godot", "Demo\TetriGrounds\LingoEngine.Demo.TetriGrounds.Godot\LingoEngine.Demo.TetriGrounds.Godot.csproj", "{E36DC08A-76EA-41BE-9270-9FC54C7C62D5}"
EndProject
Project("{FAE04EC0-301F-11D3-BF4B-00C04F79EFBC}") = "LingoEngine.Demo.TetriGrounds.SDL2", "Demo\TetriGrounds\LingoEngine.Demo.TetriGrounds.SDL2\LingoEngine.Demo.TetriGrounds.SDL2.csproj", "{1A989944-B93E-4A33-9F7E-B5B78DAF0B63}"
EndProject
Global
	GlobalSection(SolutionConfigurationPlatforms) = preSolution
		Debug|Any CPU = Debug|Any CPU
		Debug|x64 = Debug|x64
		Debug|x86 = Debug|x86
		ExportDebug|Any CPU = ExportDebug|Any CPU
		ExportDebug|x64 = ExportDebug|x64
		ExportDebug|x86 = ExportDebug|x86
		ExportRelease|Any CPU = ExportRelease|Any CPU
		ExportRelease|x64 = ExportRelease|x64
		ExportRelease|x86 = ExportRelease|x86
	EndGlobalSection
	GlobalSection(ProjectConfigurationPlatforms) = postSolution
		{0578CF14-B709-4E36-B7D3-C73285B528D6}.Debug|Any CPU.ActiveCfg = Debug|Any CPU
		{0578CF14-B709-4E36-B7D3-C73285B528D6}.Debug|Any CPU.Build.0 = Debug|Any CPU
		{0578CF14-B709-4E36-B7D3-C73285B528D6}.Debug|x64.ActiveCfg = Release|x64
		{0578CF14-B709-4E36-B7D3-C73285B528D6}.Debug|x64.Build.0 = Release|x64
		{0578CF14-B709-4E36-B7D3-C73285B528D6}.Debug|x86.ActiveCfg = Debug|x86
		{0578CF14-B709-4E36-B7D3-C73285B528D6}.Debug|x86.Build.0 = Debug|x86
		{0578CF14-B709-4E36-B7D3-C73285B528D6}.ExportDebug|Any CPU.ActiveCfg = Debug|Any CPU
		{0578CF14-B709-4E36-B7D3-C73285B528D6}.ExportDebug|Any CPU.Build.0 = Debug|Any CPU
		{0578CF14-B709-4E36-B7D3-C73285B528D6}.ExportDebug|x64.ActiveCfg = Debug|x64
		{0578CF14-B709-4E36-B7D3-C73285B528D6}.ExportDebug|x64.Build.0 = Debug|x64
		{0578CF14-B709-4E36-B7D3-C73285B528D6}.ExportDebug|x86.ActiveCfg = Debug|x86
		{0578CF14-B709-4E36-B7D3-C73285B528D6}.ExportDebug|x86.Build.0 = Debug|x86
		{0578CF14-B709-4E36-B7D3-C73285B528D6}.ExportRelease|Any CPU.ActiveCfg = Release|Any CPU
		{0578CF14-B709-4E36-B7D3-C73285B528D6}.ExportRelease|Any CPU.Build.0 = Release|Any CPU
		{0578CF14-B709-4E36-B7D3-C73285B528D6}.ExportRelease|x64.ActiveCfg = Release|x64
		{0578CF14-B709-4E36-B7D3-C73285B528D6}.ExportRelease|x64.Build.0 = Release|x64
		{0578CF14-B709-4E36-B7D3-C73285B528D6}.ExportRelease|x86.ActiveCfg = Release|x86
		{0578CF14-B709-4E36-B7D3-C73285B528D6}.ExportRelease|x86.Build.0 = Release|x86
		{FE6899B0-5293-47AF-A9AE-F1F3AF17DD6F}.Debug|Any CPU.ActiveCfg = Debug|Any CPU
		{FE6899B0-5293-47AF-A9AE-F1F3AF17DD6F}.Debug|Any CPU.Build.0 = Debug|Any CPU
		{FE6899B0-5293-47AF-A9AE-F1F3AF17DD6F}.Debug|x64.ActiveCfg = Release|x64
		{FE6899B0-5293-47AF-A9AE-F1F3AF17DD6F}.Debug|x64.Build.0 = Release|x64
		{FE6899B0-5293-47AF-A9AE-F1F3AF17DD6F}.Debug|x86.ActiveCfg = Debug|x86
		{FE6899B0-5293-47AF-A9AE-F1F3AF17DD6F}.Debug|x86.Build.0 = Debug|x86
		{FE6899B0-5293-47AF-A9AE-F1F3AF17DD6F}.ExportDebug|Any CPU.ActiveCfg = Debug|Any CPU
		{FE6899B0-5293-47AF-A9AE-F1F3AF17DD6F}.ExportDebug|Any CPU.Build.0 = Debug|Any CPU
		{FE6899B0-5293-47AF-A9AE-F1F3AF17DD6F}.ExportDebug|x64.ActiveCfg = Debug|x64
		{FE6899B0-5293-47AF-A9AE-F1F3AF17DD6F}.ExportDebug|x64.Build.0 = Debug|x64
		{FE6899B0-5293-47AF-A9AE-F1F3AF17DD6F}.ExportDebug|x86.ActiveCfg = Debug|x86
		{FE6899B0-5293-47AF-A9AE-F1F3AF17DD6F}.ExportDebug|x86.Build.0 = Debug|x86
		{FE6899B0-5293-47AF-A9AE-F1F3AF17DD6F}.ExportRelease|Any CPU.ActiveCfg = Release|Any CPU
		{FE6899B0-5293-47AF-A9AE-F1F3AF17DD6F}.ExportRelease|Any CPU.Build.0 = Release|Any CPU
		{FE6899B0-5293-47AF-A9AE-F1F3AF17DD6F}.ExportRelease|x64.ActiveCfg = Release|x64
		{FE6899B0-5293-47AF-A9AE-F1F3AF17DD6F}.ExportRelease|x64.Build.0 = Release|x64
		{FE6899B0-5293-47AF-A9AE-F1F3AF17DD6F}.ExportRelease|x86.ActiveCfg = Release|x86
		{FE6899B0-5293-47AF-A9AE-F1F3AF17DD6F}.ExportRelease|x86.Build.0 = Release|x86
		{2009218F-69F3-4EEB-9271-B2A7B5263DA8}.Debug|Any CPU.ActiveCfg = Debug|Any CPU
		{2009218F-69F3-4EEB-9271-B2A7B5263DA8}.Debug|Any CPU.Build.0 = Debug|Any CPU
		{2009218F-69F3-4EEB-9271-B2A7B5263DA8}.Debug|x64.ActiveCfg = Debug|x64
		{2009218F-69F3-4EEB-9271-B2A7B5263DA8}.Debug|x64.Build.0 = Debug|x64
		{2009218F-69F3-4EEB-9271-B2A7B5263DA8}.Debug|x86.ActiveCfg = Debug|x86
		{2009218F-69F3-4EEB-9271-B2A7B5263DA8}.Debug|x86.Build.0 = Debug|x86
		{2009218F-69F3-4EEB-9271-B2A7B5263DA8}.ExportDebug|Any CPU.ActiveCfg = Debug|Any CPU
		{2009218F-69F3-4EEB-9271-B2A7B5263DA8}.ExportDebug|Any CPU.Build.0 = Debug|Any CPU
		{2009218F-69F3-4EEB-9271-B2A7B5263DA8}.ExportDebug|x64.ActiveCfg = ExportDebug|x64
		{2009218F-69F3-4EEB-9271-B2A7B5263DA8}.ExportDebug|x64.Build.0 = ExportDebug|x64
		{2009218F-69F3-4EEB-9271-B2A7B5263DA8}.ExportDebug|x86.ActiveCfg = ExportDebug|x86
		{2009218F-69F3-4EEB-9271-B2A7B5263DA8}.ExportDebug|x86.Build.0 = ExportDebug|x86
		{2009218F-69F3-4EEB-9271-B2A7B5263DA8}.ExportRelease|Any CPU.ActiveCfg = Release|Any CPU
		{2009218F-69F3-4EEB-9271-B2A7B5263DA8}.ExportRelease|Any CPU.Build.0 = Release|Any CPU
		{2009218F-69F3-4EEB-9271-B2A7B5263DA8}.ExportRelease|x64.ActiveCfg = ExportRelease|x64
		{2009218F-69F3-4EEB-9271-B2A7B5263DA8}.ExportRelease|x64.Build.0 = ExportRelease|x64
		{2009218F-69F3-4EEB-9271-B2A7B5263DA8}.ExportRelease|x86.ActiveCfg = ExportRelease|x86
		{2009218F-69F3-4EEB-9271-B2A7B5263DA8}.ExportRelease|x86.Build.0 = ExportRelease|x86
		{8E913D86-3D01-4C79-9302-2A05071A2EDF}.Debug|Any CPU.ActiveCfg = Debug|Any CPU
		{8E913D86-3D01-4C79-9302-2A05071A2EDF}.Debug|Any CPU.Build.0 = Debug|Any CPU
		{8E913D86-3D01-4C79-9302-2A05071A2EDF}.Debug|x64.ActiveCfg = Release|x64
		{8E913D86-3D01-4C79-9302-2A05071A2EDF}.Debug|x64.Build.0 = Release|x64
		{8E913D86-3D01-4C79-9302-2A05071A2EDF}.Debug|x86.ActiveCfg = Debug|x86
		{8E913D86-3D01-4C79-9302-2A05071A2EDF}.Debug|x86.Build.0 = Debug|x86
		{8E913D86-3D01-4C79-9302-2A05071A2EDF}.ExportDebug|Any CPU.ActiveCfg = Debug|Any CPU
		{8E913D86-3D01-4C79-9302-2A05071A2EDF}.ExportDebug|Any CPU.Build.0 = Debug|Any CPU
		{8E913D86-3D01-4C79-9302-2A05071A2EDF}.ExportDebug|x64.ActiveCfg = Debug|x64
		{8E913D86-3D01-4C79-9302-2A05071A2EDF}.ExportDebug|x64.Build.0 = Debug|x64
		{8E913D86-3D01-4C79-9302-2A05071A2EDF}.ExportDebug|x86.ActiveCfg = Debug|x86
		{8E913D86-3D01-4C79-9302-2A05071A2EDF}.ExportDebug|x86.Build.0 = Debug|x86
		{8E913D86-3D01-4C79-9302-2A05071A2EDF}.ExportRelease|Any CPU.ActiveCfg = Release|Any CPU
		{8E913D86-3D01-4C79-9302-2A05071A2EDF}.ExportRelease|Any CPU.Build.0 = Release|Any CPU
		{8E913D86-3D01-4C79-9302-2A05071A2EDF}.ExportRelease|x64.ActiveCfg = Release|x64
                {8E913D86-3D01-4C79-9302-2A05071A2EDF}.ExportRelease|x64.Build.0 = Release|x64
                {8E913D86-3D01-4C79-9302-2A05071A2EDF}.ExportRelease|x86.ActiveCfg = Release|x86
                {8E913D86-3D01-4C79-9302-2A05071A2EDF}.ExportRelease|x86.Build.0 = Release|x86
                {D7E696B3-1C5D-4FAD-BF60-22FBCC9C0419}.Debug|Any CPU.ActiveCfg = Debug|Any CPU
                {D7E696B3-1C5D-4FAD-BF60-22FBCC9C0419}.Debug|Any CPU.Build.0 = Debug|Any CPU
                {D7E696B3-1C5D-4FAD-BF60-22FBCC9C0419}.Debug|x64.ActiveCfg = Release|x64
                {D7E696B3-1C5D-4FAD-BF60-22FBCC9C0419}.Debug|x64.Build.0 = Release|x64
                {D7E696B3-1C5D-4FAD-BF60-22FBCC9C0419}.Debug|x86.ActiveCfg = Debug|x86
                {D7E696B3-1C5D-4FAD-BF60-22FBCC9C0419}.Debug|x86.Build.0 = Debug|x86
                {D7E696B3-1C5D-4FAD-BF60-22FBCC9C0419}.ExportDebug|Any CPU.ActiveCfg = Debug|Any CPU
                {D7E696B3-1C5D-4FAD-BF60-22FBCC9C0419}.ExportDebug|Any CPU.Build.0 = Debug|Any CPU
                {D7E696B3-1C5D-4FAD-BF60-22FBCC9C0419}.ExportDebug|x64.ActiveCfg = Debug|x64
                {D7E696B3-1C5D-4FAD-BF60-22FBCC9C0419}.ExportDebug|x64.Build.0 = Debug|x64
                {D7E696B3-1C5D-4FAD-BF60-22FBCC9C0419}.ExportDebug|x86.ActiveCfg = Debug|x86
                {D7E696B3-1C5D-4FAD-BF60-22FBCC9C0419}.ExportDebug|x86.Build.0 = Debug|x86
                {D7E696B3-1C5D-4FAD-BF60-22FBCC9C0419}.ExportRelease|Any CPU.ActiveCfg = Release|Any CPU
                {D7E696B3-1C5D-4FAD-BF60-22FBCC9C0419}.ExportRelease|Any CPU.Build.0 = Release|Any CPU
                {D7E696B3-1C5D-4FAD-BF60-22FBCC9C0419}.ExportRelease|x64.ActiveCfg = Release|x64
                {D7E696B3-1C5D-4FAD-BF60-22FBCC9C0419}.ExportRelease|x64.Build.0 = Release|x64
                {D7E696B3-1C5D-4FAD-BF60-22FBCC9C0419}.ExportRelease|x86.ActiveCfg = Release|x86
                {D7E696B3-1C5D-4FAD-BF60-22FBCC9C0419}.ExportRelease|x86.Build.0 = Release|x86
		{E81C83CB-2444-45E5-8C9E-B2B97352346C}.Debug|Any CPU.ActiveCfg = Debug|Any CPU
		{E81C83CB-2444-45E5-8C9E-B2B97352346C}.Debug|Any CPU.Build.0 = Debug|Any CPU
		{E81C83CB-2444-45E5-8C9E-B2B97352346C}.Debug|x64.ActiveCfg = Debug|x64
		{E81C83CB-2444-45E5-8C9E-B2B97352346C}.Debug|x64.Build.0 = Debug|x64
		{E81C83CB-2444-45E5-8C9E-B2B97352346C}.Debug|x86.ActiveCfg = Debug|x86
		{E81C83CB-2444-45E5-8C9E-B2B97352346C}.Debug|x86.Build.0 = Debug|x86
		{E81C83CB-2444-45E5-8C9E-B2B97352346C}.ExportDebug|Any CPU.ActiveCfg = ExportDebug|Any CPU
		{E81C83CB-2444-45E5-8C9E-B2B97352346C}.ExportDebug|Any CPU.Build.0 = ExportDebug|Any CPU
		{E81C83CB-2444-45E5-8C9E-B2B97352346C}.ExportDebug|x64.ActiveCfg = ExportDebug|x64
		{E81C83CB-2444-45E5-8C9E-B2B97352346C}.ExportDebug|x64.Build.0 = ExportDebug|x64
		{E81C83CB-2444-45E5-8C9E-B2B97352346C}.ExportDebug|x86.ActiveCfg = ExportDebug|x86
		{E81C83CB-2444-45E5-8C9E-B2B97352346C}.ExportDebug|x86.Build.0 = ExportDebug|x86
		{E81C83CB-2444-45E5-8C9E-B2B97352346C}.ExportRelease|Any CPU.ActiveCfg = ExportRelease|Any CPU
		{E81C83CB-2444-45E5-8C9E-B2B97352346C}.ExportRelease|Any CPU.Build.0 = ExportRelease|Any CPU
		{E81C83CB-2444-45E5-8C9E-B2B97352346C}.ExportRelease|x64.ActiveCfg = ExportRelease|x64
		{E81C83CB-2444-45E5-8C9E-B2B97352346C}.ExportRelease|x64.Build.0 = ExportRelease|x64
		{E81C83CB-2444-45E5-8C9E-B2B97352346C}.ExportRelease|x86.ActiveCfg = ExportRelease|x86
		{E81C83CB-2444-45E5-8C9E-B2B97352346C}.ExportRelease|x86.Build.0 = ExportRelease|x86
		{0C252B64-B132-4DAC-BD29-BA521E058844}.Debug|Any CPU.ActiveCfg = Debug|Any CPU
		{0C252B64-B132-4DAC-BD29-BA521E058844}.Debug|Any CPU.Build.0 = Debug|Any CPU
		{0C252B64-B132-4DAC-BD29-BA521E058844}.Debug|x64.ActiveCfg = Release|x64
		{0C252B64-B132-4DAC-BD29-BA521E058844}.Debug|x64.Build.0 = Release|x64
		{0C252B64-B132-4DAC-BD29-BA521E058844}.Debug|x86.ActiveCfg = Debug|x86
		{0C252B64-B132-4DAC-BD29-BA521E058844}.Debug|x86.Build.0 = Debug|x86
		{0C252B64-B132-4DAC-BD29-BA521E058844}.ExportDebug|Any CPU.ActiveCfg = Debug|Any CPU
		{0C252B64-B132-4DAC-BD29-BA521E058844}.ExportDebug|Any CPU.Build.0 = Debug|Any CPU
		{0C252B64-B132-4DAC-BD29-BA521E058844}.ExportDebug|x64.ActiveCfg = Debug|x64
		{0C252B64-B132-4DAC-BD29-BA521E058844}.ExportDebug|x64.Build.0 = Debug|x64
		{0C252B64-B132-4DAC-BD29-BA521E058844}.ExportDebug|x86.ActiveCfg = Debug|x86
		{0C252B64-B132-4DAC-BD29-BA521E058844}.ExportDebug|x86.Build.0 = Debug|x86
		{0C252B64-B132-4DAC-BD29-BA521E058844}.ExportRelease|Any CPU.ActiveCfg = Release|Any CPU
		{0C252B64-B132-4DAC-BD29-BA521E058844}.ExportRelease|Any CPU.Build.0 = Release|Any CPU
		{0C252B64-B132-4DAC-BD29-BA521E058844}.ExportRelease|x64.ActiveCfg = Release|x64
		{0C252B64-B132-4DAC-BD29-BA521E058844}.ExportRelease|x64.Build.0 = Release|x64
		{0C252B64-B132-4DAC-BD29-BA521E058844}.ExportRelease|x86.ActiveCfg = Release|x86
		{0C252B64-B132-4DAC-BD29-BA521E058844}.ExportRelease|x86.Build.0 = Release|x86
		{B39DC8A4-9B09-4B2D-BA27-9C25F759B056}.Debug|Any CPU.ActiveCfg = Debug|Any CPU
		{B39DC8A4-9B09-4B2D-BA27-9C25F759B056}.Debug|Any CPU.Build.0 = Debug|Any CPU
		{B39DC8A4-9B09-4B2D-BA27-9C25F759B056}.Debug|x64.ActiveCfg = Release|x64
		{B39DC8A4-9B09-4B2D-BA27-9C25F759B056}.Debug|x64.Build.0 = Release|x64
		{B39DC8A4-9B09-4B2D-BA27-9C25F759B056}.Debug|x86.ActiveCfg = Debug|x86
		{B39DC8A4-9B09-4B2D-BA27-9C25F759B056}.Debug|x86.Build.0 = Debug|x86
		{B39DC8A4-9B09-4B2D-BA27-9C25F759B056}.ExportDebug|Any CPU.ActiveCfg = Debug|Any CPU
		{B39DC8A4-9B09-4B2D-BA27-9C25F759B056}.ExportDebug|Any CPU.Build.0 = Debug|Any CPU
		{B39DC8A4-9B09-4B2D-BA27-9C25F759B056}.ExportDebug|x64.ActiveCfg = Debug|x64
		{B39DC8A4-9B09-4B2D-BA27-9C25F759B056}.ExportDebug|x64.Build.0 = Debug|x64
		{B39DC8A4-9B09-4B2D-BA27-9C25F759B056}.ExportDebug|x86.ActiveCfg = Debug|x86
		{B39DC8A4-9B09-4B2D-BA27-9C25F759B056}.ExportDebug|x86.Build.0 = Debug|x86
		{B39DC8A4-9B09-4B2D-BA27-9C25F759B056}.ExportRelease|Any CPU.ActiveCfg = Release|Any CPU
		{B39DC8A4-9B09-4B2D-BA27-9C25F759B056}.ExportRelease|Any CPU.Build.0 = Release|Any CPU
		{B39DC8A4-9B09-4B2D-BA27-9C25F759B056}.ExportRelease|x64.ActiveCfg = Release|x64
		{B39DC8A4-9B09-4B2D-BA27-9C25F759B056}.ExportRelease|x64.Build.0 = Release|x64
		{B39DC8A4-9B09-4B2D-BA27-9C25F759B056}.ExportRelease|x86.ActiveCfg = Release|x86
{B39DC8A4-9B09-4B2D-BA27-9C25F759B056}.ExportRelease|x86.Build.0 = Release|x86
                {21317C8D-4C69-4A21-875D-B3C0F795C67E}.Debug|Any CPU.ActiveCfg = Debug|Any CPU
                {21317C8D-4C69-4A21-875D-B3C0F795C67E}.Debug|Any CPU.Build.0 = Debug|Any CPU
                {21317C8D-4C69-4A21-875D-B3C0F795C67E}.Debug|x64.ActiveCfg = Release|x64
                {21317C8D-4C69-4A21-875D-B3C0F795C67E}.Debug|x64.Build.0 = Release|x64
                {21317C8D-4C69-4A21-875D-B3C0F795C67E}.Debug|x86.ActiveCfg = Debug|x86
                {21317C8D-4C69-4A21-875D-B3C0F795C67E}.Debug|x86.Build.0 = Debug|x86
                {21317C8D-4C69-4A21-875D-B3C0F795C67E}.ExportDebug|Any CPU.ActiveCfg = Debug|Any CPU
                {21317C8D-4C69-4A21-875D-B3C0F795C67E}.ExportDebug|Any CPU.Build.0 = Debug|Any CPU
                {21317C8D-4C69-4A21-875D-B3C0F795C67E}.ExportDebug|x64.ActiveCfg = Debug|x64
                {21317C8D-4C69-4A21-875D-B3C0F795C67E}.ExportDebug|x64.Build.0 = Debug|x64
                {21317C8D-4C69-4A21-875D-B3C0F795C67E}.ExportDebug|x86.ActiveCfg = Debug|x86
                {21317C8D-4C69-4A21-875D-B3C0F795C67E}.ExportDebug|x86.Build.0 = Debug|x86
                {21317C8D-4C69-4A21-875D-B3C0F795C67E}.ExportRelease|Any CPU.ActiveCfg = Release|Any CPU
                {21317C8D-4C69-4A21-875D-B3C0F795C67E}.ExportRelease|Any CPU.Build.0 = Release|Any CPU
                {21317C8D-4C69-4A21-875D-B3C0F795C67E}.ExportRelease|x64.ActiveCfg = Release|x64
                {21317C8D-4C69-4A21-875D-B3C0F795C67E}.ExportRelease|x64.Build.0 = Release|x64
                {21317C8D-4C69-4A21-875D-B3C0F795C67E}.ExportRelease|x86.ActiveCfg = Release|x86
{21317C8D-4C69-4A21-875D-B3C0F795C67E}.ExportRelease|x86.Build.0 = Release|x86
                {14F3B01A-EF1E-4EA9-834D-594AE01541D2}.Debug|Any CPU.ActiveCfg = Debug|Any CPU
                {14F3B01A-EF1E-4EA9-834D-594AE01541D2}.Debug|Any CPU.Build.0 = Debug|Any CPU
                {14F3B01A-EF1E-4EA9-834D-594AE01541D2}.Debug|x64.ActiveCfg = Release|x64
                {14F3B01A-EF1E-4EA9-834D-594AE01541D2}.Debug|x64.Build.0 = Release|x64
                {14F3B01A-EF1E-4EA9-834D-594AE01541D2}.Debug|x86.ActiveCfg = Debug|x86
                {14F3B01A-EF1E-4EA9-834D-594AE01541D2}.Debug|x86.Build.0 = Debug|x86
                {14F3B01A-EF1E-4EA9-834D-594AE01541D2}.ExportDebug|Any CPU.ActiveCfg = Debug|Any CPU
                {14F3B01A-EF1E-4EA9-834D-594AE01541D2}.ExportDebug|Any CPU.Build.0 = Debug|Any CPU
                {14F3B01A-EF1E-4EA9-834D-594AE01541D2}.ExportDebug|x64.ActiveCfg = Debug|x64
                {14F3B01A-EF1E-4EA9-834D-594AE01541D2}.ExportDebug|x64.Build.0 = Debug|x64
                {14F3B01A-EF1E-4EA9-834D-594AE01541D2}.ExportDebug|x86.ActiveCfg = Debug|x86
                {14F3B01A-EF1E-4EA9-834D-594AE01541D2}.ExportDebug|x86.Build.0 = Debug|x86
                {14F3B01A-EF1E-4EA9-834D-594AE01541D2}.ExportRelease|Any CPU.ActiveCfg = Release|Any CPU
                {14F3B01A-EF1E-4EA9-834D-594AE01541D2}.ExportRelease|Any CPU.Build.0 = Release|Any CPU
                {14F3B01A-EF1E-4EA9-834D-594AE01541D2}.ExportRelease|x64.ActiveCfg = Release|x64
                {14F3B01A-EF1E-4EA9-834D-594AE01541D2}.ExportRelease|x64.Build.0 = Release|x64
                {14F3B01A-EF1E-4EA9-834D-594AE01541D2}.ExportRelease|x86.ActiveCfg = Release|x86
                {14F3B01A-EF1E-4EA9-834D-594AE01541D2}.ExportRelease|x86.Build.0 = Release|x86
		{B70E95C8-D8DB-40CF-A358-67122A25ABBB}.Debug|Any CPU.ActiveCfg = Debug|Any CPU
		{B70E95C8-D8DB-40CF-A358-67122A25ABBB}.Debug|Any CPU.Build.0 = Debug|Any CPU
		{B70E95C8-D8DB-40CF-A358-67122A25ABBB}.Debug|x64.ActiveCfg = Debug|Any CPU
		{B70E95C8-D8DB-40CF-A358-67122A25ABBB}.Debug|x64.Build.0 = Debug|Any CPU
		{B70E95C8-D8DB-40CF-A358-67122A25ABBB}.Debug|x86.ActiveCfg = Debug|Any CPU
		{B70E95C8-D8DB-40CF-A358-67122A25ABBB}.Debug|x86.Build.0 = Debug|Any CPU
		{B70E95C8-D8DB-40CF-A358-67122A25ABBB}.ExportDebug|Any CPU.ActiveCfg = Debug|Any CPU
		{B70E95C8-D8DB-40CF-A358-67122A25ABBB}.ExportDebug|Any CPU.Build.0 = Debug|Any CPU
		{B70E95C8-D8DB-40CF-A358-67122A25ABBB}.ExportDebug|x64.ActiveCfg = Debug|Any CPU
		{B70E95C8-D8DB-40CF-A358-67122A25ABBB}.ExportDebug|x64.Build.0 = Debug|Any CPU
		{B70E95C8-D8DB-40CF-A358-67122A25ABBB}.ExportDebug|x86.ActiveCfg = Debug|Any CPU
		{B70E95C8-D8DB-40CF-A358-67122A25ABBB}.ExportDebug|x86.Build.0 = Debug|Any CPU
		{B70E95C8-D8DB-40CF-A358-67122A25ABBB}.ExportRelease|Any CPU.ActiveCfg = Release|Any CPU
		{B70E95C8-D8DB-40CF-A358-67122A25ABBB}.ExportRelease|Any CPU.Build.0 = Release|Any CPU
		{B70E95C8-D8DB-40CF-A358-67122A25ABBB}.ExportRelease|x64.ActiveCfg = Release|Any CPU
		{B70E95C8-D8DB-40CF-A358-67122A25ABBB}.ExportRelease|x64.Build.0 = Release|Any CPU
		{B70E95C8-D8DB-40CF-A358-67122A25ABBB}.ExportRelease|x86.ActiveCfg = Release|Any CPU
		{B70E95C8-D8DB-40CF-A358-67122A25ABBB}.ExportRelease|x86.Build.0 = Release|Any CPU
		{E36DC08A-76EA-41BE-9270-9FC54C7C62D5}.Debug|Any CPU.ActiveCfg = Debug|Any CPU
		{E36DC08A-76EA-41BE-9270-9FC54C7C62D5}.Debug|Any CPU.Build.0 = Debug|Any CPU
		{E36DC08A-76EA-41BE-9270-9FC54C7C62D5}.Debug|x64.ActiveCfg = Debug|Any CPU
		{E36DC08A-76EA-41BE-9270-9FC54C7C62D5}.Debug|x64.Build.0 = Debug|Any CPU
		{E36DC08A-76EA-41BE-9270-9FC54C7C62D5}.Debug|x86.ActiveCfg = Debug|Any CPU
		{E36DC08A-76EA-41BE-9270-9FC54C7C62D5}.Debug|x86.Build.0 = Debug|Any CPU
		{E36DC08A-76EA-41BE-9270-9FC54C7C62D5}.ExportDebug|Any CPU.ActiveCfg = Debug|Any CPU
		{E36DC08A-76EA-41BE-9270-9FC54C7C62D5}.ExportDebug|Any CPU.Build.0 = Debug|Any CPU
		{E36DC08A-76EA-41BE-9270-9FC54C7C62D5}.ExportDebug|x64.ActiveCfg = Debug|Any CPU
		{E36DC08A-76EA-41BE-9270-9FC54C7C62D5}.ExportDebug|x64.Build.0 = Debug|Any CPU
		{E36DC08A-76EA-41BE-9270-9FC54C7C62D5}.ExportDebug|x86.ActiveCfg = Debug|Any CPU
		{E36DC08A-76EA-41BE-9270-9FC54C7C62D5}.ExportDebug|x86.Build.0 = Debug|Any CPU
		{E36DC08A-76EA-41BE-9270-9FC54C7C62D5}.ExportRelease|Any CPU.ActiveCfg = Release|Any CPU
		{E36DC08A-76EA-41BE-9270-9FC54C7C62D5}.ExportRelease|Any CPU.Build.0 = Release|Any CPU
		{E36DC08A-76EA-41BE-9270-9FC54C7C62D5}.ExportRelease|x64.ActiveCfg = Release|Any CPU
		{E36DC08A-76EA-41BE-9270-9FC54C7C62D5}.ExportRelease|x64.Build.0 = Release|Any CPU
		{E36DC08A-76EA-41BE-9270-9FC54C7C62D5}.ExportRelease|x86.ActiveCfg = Release|Any CPU
		{E36DC08A-76EA-41BE-9270-9FC54C7C62D5}.ExportRelease|x86.Build.0 = Release|Any CPU
		{1A989944-B93E-4A33-9F7E-B5B78DAF0B63}.Debug|Any CPU.ActiveCfg = Debug|Any CPU
		{1A989944-B93E-4A33-9F7E-B5B78DAF0B63}.Debug|Any CPU.Build.0 = Debug|Any CPU
		{1A989944-B93E-4A33-9F7E-B5B78DAF0B63}.Debug|x64.ActiveCfg = Debug|Any CPU
		{1A989944-B93E-4A33-9F7E-B5B78DAF0B63}.Debug|x64.Build.0 = Debug|Any CPU
		{1A989944-B93E-4A33-9F7E-B5B78DAF0B63}.Debug|x86.ActiveCfg = Debug|Any CPU
		{1A989944-B93E-4A33-9F7E-B5B78DAF0B63}.Debug|x86.Build.0 = Debug|Any CPU
		{1A989944-B93E-4A33-9F7E-B5B78DAF0B63}.ExportDebug|Any CPU.ActiveCfg = Debug|Any CPU
		{1A989944-B93E-4A33-9F7E-B5B78DAF0B63}.ExportDebug|Any CPU.Build.0 = Debug|Any CPU
		{1A989944-B93E-4A33-9F7E-B5B78DAF0B63}.ExportDebug|x64.ActiveCfg = Debug|Any CPU
		{1A989944-B93E-4A33-9F7E-B5B78DAF0B63}.ExportDebug|x64.Build.0 = Debug|Any CPU
		{1A989944-B93E-4A33-9F7E-B5B78DAF0B63}.ExportDebug|x86.ActiveCfg = Debug|Any CPU
		{1A989944-B93E-4A33-9F7E-B5B78DAF0B63}.ExportDebug|x86.Build.0 = Debug|Any CPU
		{1A989944-B93E-4A33-9F7E-B5B78DAF0B63}.ExportRelease|Any CPU.ActiveCfg = Release|Any CPU
		{1A989944-B93E-4A33-9F7E-B5B78DAF0B63}.ExportRelease|Any CPU.Build.0 = Release|Any CPU
		{1A989944-B93E-4A33-9F7E-B5B78DAF0B63}.ExportRelease|x64.ActiveCfg = Release|Any CPU
		{1A989944-B93E-4A33-9F7E-B5B78DAF0B63}.ExportRelease|x64.Build.0 = Release|Any CPU
		{1A989944-B93E-4A33-9F7E-B5B78DAF0B63}.ExportRelease|x86.ActiveCfg = Release|Any CPU
		{1A989944-B93E-4A33-9F7E-B5B78DAF0B63}.ExportRelease|x86.Build.0 = Release|Any CPU
	EndGlobalSection
	GlobalSection(SolutionProperties) = preSolution
		HideSolutionNode = FALSE
	EndGlobalSection
	GlobalSection(NestedProjects) = preSolution
		{0578CF14-B709-4E36-B7D3-C73285B528D6} = {3AA856C9-CA3F-4C36-8D8E-90C760E726CF}
		{FE6899B0-5293-47AF-A9AE-F1F3AF17DD6F} = {C39BDD3F-275A-45C4-B17D-2E9B6FD7F43F}
		{2009218F-69F3-4EEB-9271-B2A7B5263DA8} = {C39BDD3F-275A-45C4-B17D-2E9B6FD7F43F}
                {8E913D86-3D01-4C79-9302-2A05071A2EDF} = {3AA856C9-CA3F-4C36-8D8E-90C760E726CF}
                {D7E696B3-1C5D-4FAD-BF60-22FBCC9C0419} = {3AA856C9-CA3F-4C36-8D8E-90C760E726CF}
                {E81C83CB-2444-45E5-8C9E-B2B97352346C} = {3AA856C9-CA3F-4C36-8D8E-90C760E726CF}
		{0C252B64-B132-4DAC-BD29-BA521E058844} = {3AA856C9-CA3F-4C36-8D8E-90C760E726CF}
		{B39DC8A4-9B09-4B2D-BA27-9C25F759B056} = {3AA856C9-CA3F-4C36-8D8E-90C760E726CF}
		{B70E95C8-D8DB-40CF-A358-67122A25ABBB} = {1C86A253-18C3-48D2-8819-99254C79E608}
		{E36DC08A-76EA-41BE-9270-9FC54C7C62D5} = {1C86A253-18C3-48D2-8819-99254C79E608}
                {1A989944-B93E-4A33-9F7E-B5B78DAF0B63} = {1C86A253-18C3-48D2-8819-99254C79E608}
                {21317C8D-4C69-4A21-875D-B3C0F795C67E} = {3AA856C9-CA3F-4C36-8D8E-90C760E726CF}
                {14F3B01A-EF1E-4EA9-834D-594AE01541D2} = {3AA856C9-CA3F-4C36-8D8E-90C760E726CF}
        EndGlobalSection
EndGlobal
